# This file is autogenerated, do not edit; changes may be undone by the next 'dep ensure'.


[[projects]]
  digest = "1:9f3b30d9f8e0d7040f729b82dcbc8f0dead820a133b3147ce355fc451f32d761"
  name = "github.com/BurntSushi/toml"
  packages = ["."]
  pruneopts = "UT"
  revision = "3012a1dbe2e4bd1391d42b32f0577cb7bbc7f005"
  version = "v0.3.1"

[[projects]]
  digest = "1:0b526472ea38c27f3f5fb7d4fac576a9a0f49ff0160f2426fc1638a25b1a4d44"
  name = "github.com/avast/retry-go"
  packages = ["."]
  pruneopts = "UT"
  revision = "7e261362c3c12cecc863202c96253ad29daa34f2"
  version = "2.0.0"

[[projects]]
  branch = "master"
  digest = "1:d21d40ff5d5b8714dba2b141a3d6aab33763e0fda261a7c5e66af7488ec3998a"
  name = "github.com/calebhiebert/gobbl"
  packages = [
    ".",
    "context",
    "messenger",
    "session",
  ]
  pruneopts = "UT"
  revision = "6159a190704353e0bb8f00c8d4be1c7d0c3e9c7e"

[[projects]]
  branch = "master"
  digest = "1:14b3d78fa5cb81a5ee28a35d75f96609321d03e60ad02e3b278093ca7627d3bf"
  name = "github.com/calebhiebert/gobbl-localization"
  packages = ["."]
  pruneopts = "UT"
  revision = "15fe7107c210436cefd09c8c38e6aad1e434ae75"

[[projects]]
  branch = "master"
  digest = "1:fcd09baed945632401fbee51e30dee231330412db053a569b5d119658e690b3a"
  name = "github.com/calebhiebert/gobbl-redis-store"
  packages = ["."]
  pruneopts = "UT"
  revision = "6aa8b368608a2d4e44065fcd29d54aae70e15f31"

[[projects]]
  branch = "master"
  digest = "1:36fe9527deed01d2a317617e59304eb2c4ce9f8a24115bcc5c2e37b3aee5bae4"
  name = "github.com/gin-contrib/sse"
  packages = ["."]
  pruneopts = "UT"
  revision = "22d885f9ecc78bf4ee5d72b937e4bbcdc58e8cae"

[[projects]]
  digest = "1:d5083934eb25e45d17f72ffa86cae3814f4a9d6c073c4f16b64147169b245606"
  name = "github.com/gin-gonic/gin"
  packages = [
    ".",
    "binding",
    "json",
    "render",
  ]
  pruneopts = "UT"
  revision = "b869fe1415e4b9eb52f247441830d502aece2d4d"
  version = "v1.3.0"

[[projects]]
  digest = "1:34a9a60fade37f8009ed4a19e02924198aba3eabfcc120ee5c6002b7de17212d"
  name = "github.com/go-redis/redis"
  packages = [
    ".",
    "internal",
    "internal/consistenthash",
    "internal/hashtag",
    "internal/pool",
    "internal/proto",
    "internal/singleflight",
    "internal/util",
  ]
  pruneopts = "UT"
  revision = "b3d9bf10f6666b2ee5100a6f3f84f4caf3b4e37d"
  version = "v6.14.2"

[[projects]]
  digest = "1:fefde31ecdde09fbb287ddb7df7a82f3b9987319c31d0429a66fc17aa98578de"
  name = "github.com/gobuffalo/buffalo-plugins"
  packages = [
    "plugins",
    "plugins/plugdeps",
  ]
  pruneopts = "UT"
  revision = "3c6e974193d8e8b1466fa3c720df62eb83832495"
  version = "v1.9.0"

[[projects]]
  digest = "1:bd342004ef1bb83bee8709e2ad630e47a95d069f7fcb60ee1b8bceb4bbbe14ae"
  name = "github.com/gobuffalo/envy"
  packages = ["."]
  pruneopts = "UT"
  revision = "801d7253ade1f895f74596b9a96147ed2d3b087e"
  version = "v1.6.11"

[[projects]]
  digest = "1:162c24dc1a7b2a487e5bfe99be2e7f66dfa2ae5605235504dd6962df00e3e9fd"
  name = "github.com/gobuffalo/events"
  packages = ["."]
  pruneopts = "UT"
  revision = "737cbff69244d23760f88158381db90594b0c33c"
  version = "v1.1.8"

[[projects]]
  branch = "master"
  digest = "1:ee24ebbe62128c02924bb336d1e1334ec7fde2ee34f66b16ea74a93ade722c57"
  name = "github.com/gobuffalo/flect"
  packages = [
    ".",
    "name",
  ]
  pruneopts = "UT"
  revision = "24a2b68e0316dd16128e820c3d60c89ed09911b0"

[[projects]]
  branch = "master"
  digest = "1:38d124c2f02b17553ae5d3ce7d5d093835602049ade576b86d24472e6b14b3f6"
  name = "github.com/gobuffalo/genny"
  packages = [
    ".",
    "movinglater/gotools",
    "movinglater/gotools/goimports",
    "movinglater/gotools/gomods",
  ]
  pruneopts = "UT"
  revision = "e26c8466f14d166c788e19ae99c5f077f9ea160b"

[[projects]]
  branch = "master"
  digest = "1:e8cb200d6a09e43a021bf746a83ebf8c82b8e8a943c211cdcddc680f2d9e6cfb"
  name = "github.com/gobuffalo/logger"
  packages = ["."]
  pruneopts = "UT"
  revision = "5b956e21995cbed3ab29e4901f9e746a6a1d53bb"

[[projects]]
  digest = "1:4f8c1fa9aeaaf6c601fc0961ec6f63bf4c72f6092de72a76c8f9c719585aaf63"
  name = "github.com/gobuffalo/mapi"
  packages = ["."]
  pruneopts = "UT"
  revision = "09ac528b16b7e871fe0f14d4867a07820a30a14b"
  version = "v1.0.1"

[[projects]]
  branch = "master"
  digest = "1:94d222b7d7da6545255ca9c8ab299a6fbbb9bc50b6652ac97ac4302eb98dcccf"
  name = "github.com/gobuffalo/meta"
  packages = ["."]
  pruneopts = "UT"
  revision = "0d7e59dd540b2ef77f8dd051c596c8b6f8c660f9"

[[projects]]
  branch = "master"
  digest = "1:3617620c7cbc54dc84ab1f674ca021c1a9f49eeaa98ff81ceb202a626c7b9c66"
  name = "github.com/gobuffalo/packd"
  packages = ["."]
  pruneopts = "UT"
  revision = "eca3b8fd66872a76119b189bbe0f58f776a2a39f"

[[projects]]
  digest = "1:8822adc88da999b7214a08db6111f128ca772c82555ef0bda076844211d38793"
  name = "github.com/gobuffalo/packr"
  packages = [
    "v2",
    "v2/file",
    "v2/file/resolver",
    "v2/file/resolver/encoding/hex",
    "v2/jam/parser",
    "v2/plog",
  ]
  pruneopts = "UT"
  revision = "679459352e18b4c74274a979d695fe13b68730c1"
  version = "v1.21.9"

[[projects]]
  branch = "master"
  digest = "1:da425896866b704cec05178819d7f31c7d5dad4d705403607b971b326bc7fea3"
  name = "github.com/gobuffalo/syncx"
  packages = ["."]
  pruneopts = "UT"
  revision = "558ac7de985fc4f4057bff27c7bdf99e92fe0750"

[[projects]]
  digest = "1:97df918963298c287643883209a2c3f642e6593379f97ab400c2a2e219ab647d"
  name = "github.com/golang/protobuf"
  packages = ["proto"]
  pruneopts = "UT"
  revision = "aa810b61a9c79d51363740d207bb46cf8e620ed5"
  version = "v1.2.0"

[[projects]]
  digest = "1:870d441fe217b8e689d7949fef6e43efbc787e50f200cb1e70dbca9204a1d6be"
  name = "github.com/inconshreveable/mousetrap"
  packages = ["."]
  pruneopts = "UT"
  revision = "76626ae9c91c4f2a10f34cad8ce83ea42c93bb75"
  version = "v1.0"

[[projects]]
  digest = "1:ecd9aa82687cf31d1585d4ac61d0ba180e42e8a6182b85bd785fcca8dfeefc1b"
  name = "github.com/joho/godotenv"
  packages = ["."]
  pruneopts = "UT"
  revision = "23d116af351c84513e1946b527c88823e476be13"
  version = "v1.3.0"

[[projects]]
  digest = "1:3e551bbb3a7c0ab2a2bf4660e7fcad16db089fdcfbb44b0199e62838038623ea"
  name = "github.com/json-iterator/go"
  packages = ["."]
  pruneopts = "UT"
  revision = "1624edc4454b8682399def8740d46db5e4362ba4"
  version = "v1.1.5"

[[projects]]
  digest = "1:3a3029532366b517900dc8c3e0ea032bf35d913bfac330876dc3efbf177bd6d3"
  name = "github.com/karrick/godirwalk"
  packages = ["."]
  pruneopts = "UT"
  revision = "cceff240ca8af695e41738831646717e80d2f846"
  version = "v1.7.7"

[[projects]]
  digest = "1:0a69a1c0db3591fcefb47f115b224592c8dfa4368b7ba9fae509d5e16cdc95c8"
  name = "github.com/konsorten/go-windows-terminal-sequences"
  packages = ["."]
  pruneopts = "UT"
  revision = "5c8c8bd35d3832f5d134ae1e1e375b69a4d25242"
  version = "v1.0.1"

[[projects]]
  digest = "1:8ef506fc2bb9ced9b151dafa592d4046063d744c646c1bbe801982ce87e4bc24"
  name = "github.com/lib/pq"
  packages = [
    ".",
    "oid",
  ]
  pruneopts = "UT"
  revision = "4ded0e9383f75c197b3a2aaa6d590ac52df6fd79"
  version = "v1.0.0"

[[projects]]
  branch = "master"
  digest = "1:be40f095cd741773905744f16c1f7a21fd9226ccd0529f019deb7da6d667f71c"
  name = "github.com/logrusorgru/aurora"
  packages = ["."]
  pruneopts = "UT"
  revision = "a7b3b318ed4e1ae5b80602b08627267303c68572"

[[projects]]
  branch = "master"
  digest = "1:6e2ed1bdbf1d14b4d0be58bcd3f1c3000c1e226964354457b8e6ca69e83a1cbb"
  name = "github.com/markbates/oncer"
  packages = ["."]
  pruneopts = "UT"
  revision = "bf2de49a0be218916e69a11d22866e6cd0a560f2"

[[projects]]
  digest = "1:28687e854cec240942c103259668b132a8450b05a6cc677eea2282b26ae29310"
  name = "github.com/markbates/safe"
  packages = ["."]
  pruneopts = "UT"
  revision = "6fea05a5732486546a4836b7a1d596c5ec687b98"
  version = "v1.0.1"

[[projects]]
  branch = "master"
  digest = "1:7af7e6d4c8334420eb075b54d5eff873e375b32f0740e4e4c819b69e0704c32d"
  name = "github.com/matoous/go-nanoid"
  packages = ["."]
  pruneopts = "UT"
  revision = "eab626deece6c9806cfbe2290859eb31a934edb0"

[[projects]]
  digest = "1:0981502f9816113c9c8c4ac301583841855c8cf4da8c72f696b3ebedf6d0e4e5"
  name = "github.com/mattn/go-isatty"
  packages = ["."]
  pruneopts = "UT"
  revision = "6ca4dbf54d38eea1a992b3c722a76a5d1c4cb25c"
  version = "v0.0.4"

[[projects]]
  digest = "1:33422d238f147d247752996a26574ac48dcf472976eda7f5134015f06bf16563"
  name = "github.com/modern-go/concurrent"
  packages = ["."]
  pruneopts = "UT"
  revision = "bacd9c7ef1dd9b15be4a9909b8ac7a4e313eec94"
  version = "1.0.3"

[[projects]]
  digest = "1:e32bdbdb7c377a07a9a46378290059822efdce5c8d96fe71940d87cb4f918855"
  name = "github.com/modern-go/reflect2"
  packages = ["."]
  pruneopts = "UT"
  revision = "4b7aa43c6742a2c18fdef89dd197aaae7dac7ccd"
  version = "1.0.1"

[[projects]]
  digest = "1:c0feb3014ad00e3c2fc6a59fa6448f2a59f6a6bc2a0c7f026939a7a8a50792cb"
  name = "github.com/nicksnyder/go-i18n"
  packages = [
    "v2/i18n",
    "v2/internal",
    "v2/internal/plural",
  ]
  pruneopts = "UT"
  revision = "9c0db6e2b3a591b2dfabb8ef487e53cd080c57bf"
  version = "v2.0.0-beta.6"

[[projects]]
  digest = "1:40e195917a951a8bf867cd05de2a46aaf1806c50cf92eebf4c16f78cd196f747"
  name = "github.com/pkg/errors"
  packages = ["."]
  pruneopts = "UT"
  revision = "645ef00459ed84a119197bfb8d8205042c6df63d"
  version = "v0.8.0"

[[projects]]
  digest = "1:efafa5160b1666d27e6e1ad4cd3fba27ce73aaaa1e99c3d02e14e55690a8878d"
  name = "github.com/rogpeppe/go-internal"
  packages = [
    "modfile",
    "module",
    "semver",
  ]
  pruneopts = "UT"
  revision = "d87f08a7d80821c797ffc8eb8f4e01675f378736"
  version = "v1.0.0"

[[projects]]
  digest = "1:69b1cc331fca23d702bd72f860c6a647afd0aa9fcbc1d0659b1365e26546dd70"
  name = "github.com/sirupsen/logrus"
  packages = ["."]
  pruneopts = "UT"
  revision = "bcd833dfe83d3cebad139e4a29ed79cb2318bf95"
  version = "v1.2.0"

[[projects]]
  digest = "1:645cabccbb4fa8aab25a956cbcbdf6a6845ca736b2c64e197ca7cbb9d210b939"
  name = "github.com/spf13/cobra"
  packages = ["."]
  pruneopts = "UT"
  revision = "ef82de70bb3f60c65fb8eebacbb2d122ef517385"
  version = "v0.0.3"

[[projects]]
  digest = "1:c1b1102241e7f645bc8e0c22ae352e8f0dc6484b6cb4d132fa9f24174e0119e2"
  name = "github.com/spf13/pflag"
  packages = ["."]
  pruneopts = "UT"
  revision = "298182f68c66c05229eb03ac171abe6e309ee79a"
  version = "v1.0.3"

[[projects]]
  digest = "1:03aa6e485e528acb119fb32901cf99582c380225fc7d5a02758e08b180cb56c3"
  name = "github.com/ugorji/go"
  packages = ["codec"]
  pruneopts = "UT"
  revision = "b4c50a2b199d93b13dc15e78929cfb23bfdf21ab"
  version = "v1.1.1"

[[projects]]
  digest = "1:b77a6808d2479a400579eb8d3bf18bd5c884fa8f038f3a1ce77a47c15bb17e2c"
  name = "github.com/vmihailenco/msgpack"
  packages = [
    ".",
    "codes",
  ]
  pruneopts = "UT"
  revision = "c4fc0fcdd500af473157759b6d73f935e727ec77"
  version = "v4.0.1"

[[projects]]
  branch = "master"
  digest = "1:38f553aff0273ad6f367cb0a0f8b6eecbaef8dc6cb8b50e57b6a81c1d5b1e332"
  name = "golang.org/x/crypto"
  packages = ["ssh/terminal"]
  pruneopts = "UT"
  revision = "505ab145d0a99da450461ae2c1a9f6cd10d1f447"

[[projects]]
  branch = "master"
  digest = "1:76ee51c3f468493aff39dbacc401e8831fbb765104cbf613b89bef01cf4bad70"
  name = "golang.org/x/net"
  packages = ["context"]
  pruneopts = "UT"
  revision = "610586996380ceef02dd726cc09df7e00a3f8e56"

[[projects]]
  branch = "master"
  digest = "1:21d0d5a534afd0c16c486a72e2dde75b62463938b7517ec8fbc4f98e088465fa"
  name = "golang.org/x/sys"
  packages = [
    "unix",
    "windows",
  ]
  pruneopts = "UT"
  revision = "586ba8c9bb141bbbea1ffb47b201443fd43385dd"

[[projects]]
  digest = "1:17ad89bd57485e11f306d41b703f53089fb0803682707b21fe9b3b29467d37a0"
  name = "golang.org/x/text"
  packages = [
    "internal/gen",
    "internal/tag",
    "language",
    "unicode/cldr",
  ]
  pruneopts = "UT"
  revision = "f21a4dfb5e38f5895301dc265a8def02365cc3d0"
  version = "v0.3.0"

[[projects]]
  branch = "master"
  digest = "1:a04cdd871724a339249269e3a0d2e723e755f1c9c0cc851eb2ea47595ae83ff7"
  name = "golang.org/x/tools"
  packages = [
    "go/ast/astutil",
    "imports",
    "internal/fastwalk",
    "internal/gopathwalk",
  ]
  pruneopts = "UT"
  revision = "c779628d65d906060a998dc805c44579faba21bb"

[[projects]]
  digest = "1:7ee462ecfb8793686a33b2d09f0c738d8773680bb6ea228123a0edd3b21b1011"
  name = "google.golang.org/appengine"
  packages = [
    ".",
    "datastore",
    "internal",
    "internal/app_identity",
    "internal/base",
    "internal/datastore",
    "internal/log",
    "internal/modules",
    "internal/remote_api",
  ]
  pruneopts = "UT"
  revision = "4a4468ece617fc8205e99368fa2200e9d1fad421"
  version = "v1.3.0"

[[projects]]
  digest = "1:cbc72c4c4886a918d6ab4b95e347ffe259846260f99ebdd8a198c2331cf2b2e9"
  name = "gopkg.in/go-playground/validator.v8"
  packages = ["."]
  pruneopts = "UT"
  revision = "5f1438d3fca68893a817e4a66806cea46a9e4ebf"
  version = "v8.18.2"

[[projects]]
  digest = "1:4d2e5a73dc1500038e504a8d78b986630e3626dc027bc030ba5c75da257cdb96"
  name = "gopkg.in/yaml.v2"
  packages = ["."]
  pruneopts = "UT"
  revision = "51d6538a90f86fe93ac480b35f37b2be17fef232"
  version = "v2.2.2"

[[projects]]
  digest = "1:9673c03e1f34676de81ff2903ed54c191d27ceaa0ae6e8976683be270bdc1705"
  name = "upper.io/db.v3"
  packages = [
    ".",
    "internal/cache",
    "internal/cache/hashstructure",
    "internal/immutable",
    "internal/sqladapter",
    "internal/sqladapter/compat",
    "internal/sqladapter/exql",
    "lib/reflectx",
    "lib/sqlbuilder",
    "postgresql",
  ]
  pruneopts = "UT"
  revision = "1edc03ac1472c11fc8b13334a6b844d6dbd0f3dd"
  version = "v3.5.6"

[solve-meta]
  analyzer-name = "dep"
  analyzer-version = 1
  input-imports = [
    "github.com/avast/retry-go",
    "github.com/calebhiebert/gobbl",
    "github.com/calebhiebert/gobbl-localization",
    "github.com/calebhiebert/gobbl-redis-store",
    "github.com/calebhiebert/gobbl/context",
    "github.com/calebhiebert/gobbl/messenger",
    "github.com/calebhiebert/gobbl/session",
    "github.com/gin-gonic/gin",
    "github.com/go-redis/redis",
    "github.com/gobuffalo/packr/v2",
    "github.com/joho/godotenv",
    "github.com/matoous/go-nanoid",
    "github.com/nicksnyder/go-i18n/v2/i18n",
    "golang.org/x/text/language",
    "upper.io/db.v3",
    "upper.io/db.v3/lib/sqlbuilder",
    "upper.io/db.v3/postgresql",
  ]
  solver-name = "gps-cdcl"
  solver-version = 1
