# This file is autogenerated, do not edit; changes may be undone by the next 'dep ensure'.


[[projects]]
  digest = "1:9f3b30d9f8e0d7040f729b82dcbc8f0dead820a133b3147ce355fc451f32d761"
  name = "github.com/BurntSushi/toml"
  packages = ["."]
  pruneopts = "UT"
  revision = "3012a1dbe2e4bd1391d42b32f0577cb7bbc7f005"
  version = "v0.3.1"

[[projects]]
  branch = "master"
  digest = "1:05fdb0c67fad6ae468e899f5fe65ecab40d0d8d2b79450517369c46ee56e0c41"
  name = "github.com/calebhiebert/gobbl"
  packages = [
    ".",
    "context",
    "luis",
    "messenger",
    "session",
  ]
  pruneopts = "UT"
  revision = "e66244cfac206b1d88b9da472fff70570ba6273c"

[[projects]]
  branch = "master"
  digest = "1:14b3d78fa5cb81a5ee28a35d75f96609321d03e60ad02e3b278093ca7627d3bf"
  name = "github.com/calebhiebert/gobbl-localization"
  packages = ["."]
  pruneopts = "UT"
  revision = "15fe7107c210436cefd09c8c38e6aad1e434ae75"

[[projects]]
  branch = "master"
  digest = "1:36fe9527deed01d2a317617e59304eb2c4ce9f8a24115bcc5c2e37b3aee5bae4"
  name = "github.com/gin-contrib/sse"
  packages = ["."]
  pruneopts = "UT"
  revision = "22d885f9ecc78bf4ee5d72b937e4bbcdc58e8cae"

[[projects]]
  digest = "1:d5083934eb25e45d17f72ffa86cae3814f4a9d6c073c4f16b64147169b245606"
  name = "github.com/gin-gonic/gin"
  packages = [
    ".",
    "binding",
    "json",
    "render",
  ]
  pruneopts = "UT"
  revision = "b869fe1415e4b9eb52f247441830d502aece2d4d"
  version = "v1.3.0"

[[projects]]
  digest = "1:2eca846517f1bafae99c3c81f6bfbb3c503c3caeb022dee250beb291c00001aa"
  name = "github.com/gobuffalo/buffalo-plugins"
  packages = [
    "plugins",
    "plugins/plugdeps",
  ]
  pruneopts = "UT"
  revision = "bc39d68df10a169179a1d10e542ae100cabd273b"
  version = "v1.8.1"

[[projects]]
  digest = "1:07829a6a0523929f5edc92b2a2dbb05ef3f335780bac9f06c44aa27c6cfc467a"
  name = "github.com/gobuffalo/envy"
  packages = ["."]
  pruneopts = "UT"
  revision = "7e7ddcbb431d1d9e32121d7eeee8d68bdecd7081"
  version = "v1.6.10"

[[projects]]
  digest = "1:162c24dc1a7b2a487e5bfe99be2e7f66dfa2ae5605235504dd6962df00e3e9fd"
  name = "github.com/gobuffalo/events"
  packages = ["."]
  pruneopts = "UT"
  revision = "737cbff69244d23760f88158381db90594b0c33c"
  version = "v1.1.8"

[[projects]]
  branch = "master"
  digest = "1:8d77dba62e39e710f9e71f6c6405c45000b17011291339360b7411fa92e43390"
  name = "github.com/gobuffalo/flect"
  packages = [
    ".",
    "name",
  ]
  pruneopts = "UT"
  revision = "47375f6d832895843594c60e150fc0a2d2ef87df"

[[projects]]
  branch = "master"
  digest = "1:c98fd0d0ed6d071c97309085c5537f6465d8b06e0e18cfaf015e59b99f13bb91"
  name = "github.com/gobuffalo/genny"
  packages = [
    ".",
    "movinglater/gotools",
    "movinglater/gotools/goimports",
    "movinglater/gotools/gomods",
  ]
  pruneopts = "UT"
  revision = "77e34f71ba2ad9b0020daeba22574f8b87218347"

[[projects]]
  branch = "master"
  digest = "1:e8cb200d6a09e43a021bf746a83ebf8c82b8e8a943c211cdcddc680f2d9e6cfb"
  name = "github.com/gobuffalo/logger"
  packages = ["."]
  pruneopts = "UT"
  revision = "5b956e21995cbed3ab29e4901f9e746a6a1d53bb"

[[projects]]
  digest = "1:4f8c1fa9aeaaf6c601fc0961ec6f63bf4c72f6092de72a76c8f9c719585aaf63"
  name = "github.com/gobuffalo/mapi"
  packages = ["."]
  pruneopts = "UT"
  revision = "09ac528b16b7e871fe0f14d4867a07820a30a14b"
  version = "v1.0.1"

[[projects]]
  branch = "master"
  digest = "1:94d222b7d7da6545255ca9c8ab299a6fbbb9bc50b6652ac97ac4302eb98dcccf"
  name = "github.com/gobuffalo/meta"
  packages = ["."]
  pruneopts = "UT"
  revision = "0d7e59dd540b2ef77f8dd051c596c8b6f8c660f9"

[[projects]]
  branch = "master"
  digest = "1:a5b87cc8e6e9d842be6bcf371991b47ca2a15ca2b763f620518ab37d841a78c6"
  name = "github.com/gobuffalo/packd"
  packages = ["."]
  pruneopts = "UT"
  revision = "311c6248e5fbdcd13b3ce364f00073506d8154e6"

[[projects]]
  digest = "1:39d62bfe670eb1567a37d6b096fcd0a9093443bb5f01457d71f799f2d4eea632"
  name = "github.com/gobuffalo/packr"
  packages = [
    "v2",
    "v2/file",
    "v2/file/resolver",
    "v2/file/resolver/encoding/hex",
    "v2/jam/parser",
    "v2/plog",
  ]
  pruneopts = "UT"
  revision = "ba3c3ae9169fdc7b283f00a4b4c39346e444871c"
  version = "v1.21.5"

[[projects]]
  branch = "master"
  digest = "1:da425896866b704cec05178819d7f31c7d5dad4d705403607b971b326bc7fea3"
  name = "github.com/gobuffalo/syncx"
  packages = ["."]
  pruneopts = "UT"
  revision = "558ac7de985fc4f4057bff27c7bdf99e92fe0750"

[[projects]]
  digest = "1:6ba96a683441984156b05568b9d31dbc846d3336d21ac220fcc819a367dc1f65"
  name = "github.com/golang/protobuf"
  packages = ["proto"]
  pruneopts = "UT"
  revision = "5a0f697c9ed9d68fef0116532c6e05cfeae00e55"

[[projects]]
  digest = "1:870d441fe217b8e689d7949fef6e43efbc787e50f200cb1e70dbca9204a1d6be"
  name = "github.com/inconshreveable/mousetrap"
  packages = ["."]
  pruneopts = "UT"
  revision = "76626ae9c91c4f2a10f34cad8ce83ea42c93bb75"
  version = "v1.0"

[[projects]]
  digest = "1:ecd9aa82687cf31d1585d4ac61d0ba180e42e8a6182b85bd785fcca8dfeefc1b"
  name = "github.com/joho/godotenv"
  packages = ["."]
  pruneopts = "UT"
  revision = "23d116af351c84513e1946b527c88823e476be13"
  version = "v1.3.0"

[[projects]]
  digest = "1:9a855f51d5eaf25dafc30cf0ad5844d5fb6aacec4ceb98a04ed2964562edbc0c"
  name = "github.com/json-iterator/go"
  packages = ["."]
  pruneopts = "UT"
  revision = "36b14963da70d11297d313183d7e6388c8510e1e"
  version = "1.0.0"

[[projects]]
  digest = "1:3a3029532366b517900dc8c3e0ea032bf35d913bfac330876dc3efbf177bd6d3"
  name = "github.com/karrick/godirwalk"
  packages = ["."]
  pruneopts = "UT"
  revision = "2de2192f9e35ce981c152a873ed943b93b79ced4"
  version = "v1.7.5"

[[projects]]
  digest = "1:0a69a1c0db3591fcefb47f115b224592c8dfa4368b7ba9fae509d5e16cdc95c8"
  name = "github.com/konsorten/go-windows-terminal-sequences"
  packages = ["."]
  pruneopts = "UT"
  revision = "5c8c8bd35d3832f5d134ae1e1e375b69a4d25242"
  version = "v1.0.1"

[[projects]]
  branch = "master"
  digest = "1:be40f095cd741773905744f16c1f7a21fd9226ccd0529f019deb7da6d667f71c"
  name = "github.com/logrusorgru/aurora"
  packages = ["."]
  pruneopts = "UT"
  revision = "a7b3b318ed4e1ae5b80602b08627267303c68572"

[[projects]]
  branch = "master"
  digest = "1:598aa4555d1ea05a7b949e31e7db0e7b2df21f8772c53cc42f6543dc6bf9a35a"
  name = "github.com/markbates/oncer"
  packages = ["."]
  pruneopts = "UT"
  revision = "05fccaae8fc423476d98fd4c3e4699ba0fbbde48"

[[projects]]
  digest = "1:28687e854cec240942c103259668b132a8450b05a6cc677eea2282b26ae29310"
  name = "github.com/markbates/safe"
  packages = ["."]
  pruneopts = "UT"
  revision = "6fea05a5732486546a4836b7a1d596c5ec687b98"
  version = "v1.0.1"

[[projects]]
  branch = "master"
  digest = "1:7af7e6d4c8334420eb075b54d5eff873e375b32f0740e4e4c819b69e0704c32d"
  name = "github.com/matoous/go-nanoid"
  packages = ["."]
  pruneopts = "UT"
  revision = "eab626deece6c9806cfbe2290859eb31a934edb0"

[[projects]]
  digest = "1:fa610f9fe6a93f4a75e64c83673dfff9bf1a34bbb21e6102021b6bc7850834a3"
  name = "github.com/mattn/go-isatty"
  packages = ["."]
  pruneopts = "UT"
  revision = "57fdcb988a5c543893cc61bce354a6e24ab70022"

[[projects]]
  digest = "1:c0feb3014ad00e3c2fc6a59fa6448f2a59f6a6bc2a0c7f026939a7a8a50792cb"
  name = "github.com/nicksnyder/go-i18n"
  packages = [
    "v2/i18n",
    "v2/internal",
    "v2/internal/plural",
  ]
  pruneopts = "UT"
  revision = "9c0db6e2b3a591b2dfabb8ef487e53cd080c57bf"
  version = "v2.0.0-beta.6"

[[projects]]
  digest = "1:40e195917a951a8bf867cd05de2a46aaf1806c50cf92eebf4c16f78cd196f747"
  name = "github.com/pkg/errors"
  packages = ["."]
  pruneopts = "UT"
  revision = "645ef00459ed84a119197bfb8d8205042c6df63d"
  version = "v0.8.0"

[[projects]]
  digest = "1:efafa5160b1666d27e6e1ad4cd3fba27ce73aaaa1e99c3d02e14e55690a8878d"
  name = "github.com/rogpeppe/go-internal"
  packages = [
    "modfile",
    "module",
    "semver",
  ]
  pruneopts = "UT"
  revision = "d87f08a7d80821c797ffc8eb8f4e01675f378736"
  version = "v1.0.0"

[[projects]]
  digest = "1:69b1cc331fca23d702bd72f860c6a647afd0aa9fcbc1d0659b1365e26546dd70"
  name = "github.com/sirupsen/logrus"
  packages = ["."]
  pruneopts = "UT"
  revision = "bcd833dfe83d3cebad139e4a29ed79cb2318bf95"
  version = "v1.2.0"

[[projects]]
  digest = "1:645cabccbb4fa8aab25a956cbcbdf6a6845ca736b2c64e197ca7cbb9d210b939"
  name = "github.com/spf13/cobra"
  packages = ["."]
  pruneopts = "UT"
  revision = "ef82de70bb3f60c65fb8eebacbb2d122ef517385"
  version = "v0.0.3"

[[projects]]
  digest = "1:c1b1102241e7f645bc8e0c22ae352e8f0dc6484b6cb4d132fa9f24174e0119e2"
  name = "github.com/spf13/pflag"
  packages = ["."]
  pruneopts = "UT"
  revision = "298182f68c66c05229eb03ac171abe6e309ee79a"
  version = "v1.0.3"

[[projects]]
  digest = "1:c268acaa4a4d94a467980e5e91452eb61c460145765293dc0aed48e5e9919cc6"
  name = "github.com/ugorji/go"
  packages = ["codec"]
  pruneopts = "UT"
  revision = "c88ee250d0221a57af388746f5cf03768c21d6e2"

[[projects]]
  branch = "master"
  digest = "1:38f553aff0273ad6f367cb0a0f8b6eecbaef8dc6cb8b50e57b6a81c1d5b1e332"
  name = "golang.org/x/crypto"
  packages = ["ssh/terminal"]
  pruneopts = "UT"
  revision = "eb0de9b17e854e9b1ccd9963efafc79862359959"

[[projects]]
  branch = "master"
  digest = "1:0c7cb58af944f9690af91474a75371eecfe54c1ce3771a8dc08924430ee785d3"
  name = "golang.org/x/sys"
  packages = [
    "unix",
    "windows",
  ]
  pruneopts = "UT"
  revision = "4ed8d59d0b35e1e29334a206d1b3f38b1e5dfb31"

[[projects]]
  digest = "1:17ad89bd57485e11f306d41b703f53089fb0803682707b21fe9b3b29467d37a0"
  name = "golang.org/x/text"
  packages = [
    "internal/gen",
    "internal/tag",
    "language",
    "unicode/cldr",
  ]
  pruneopts = "UT"
  revision = "f21a4dfb5e38f5895301dc265a8def02365cc3d0"
  version = "v0.3.0"

[[projects]]
  branch = "master"
  digest = "1:6511064c08bff306dd24fa83ea82e160009fa7572240b70173b25d1dbc3e1872"
  name = "golang.org/x/tools"
  packages = [
    "go/ast/astutil",
    "imports",
    "internal/fastwalk",
    "internal/gopathwalk",
  ]
  pruneopts = "UT"
  revision = "895048a75ecf3ee9bb32121d21f2f4bf20d96fb3"

[[projects]]
  digest = "1:1b4724d3c8125f6044925f02b485b74bfec9905cbf579d95aafd1a6c8f8447d3"
  name = "gopkg.in/go-playground/validator.v8"
  packages = ["."]
  pruneopts = "UT"
  revision = "5f57d2222ad794d0dffb07e664ea05e2ee07d60c"
  version = "v8.18.1"

[[projects]]
  digest = "1:cacb98d52c60c337c2ce95a7af83ba0313a93ce5e73fa9e99a96aff70776b9d3"
  name = "gopkg.in/yaml.v2"
  packages = ["."]
  pruneopts = "UT"
  revision = "a5b47d31c556af34a302ce5d659e6fea44d90de0"

[[projects]]
  digest = "1:b1186fc8a0c80fb2b3fcb1b7313d69b386e755bb412ab6338ad9580499d38bca"
  name = "upper.io/db.v3"
  packages = [
    ".",
    "internal/immutable",
  ]
  pruneopts = "UT"
  revision = "d2cc681b38f69e957b8aeaed84ac923be21b08d0"
  version = "v3.5.5"

[solve-meta]
  analyzer-name = "dep"
  analyzer-version = 1
  input-imports = [
    "github.com/calebhiebert/gobbl",
    "github.com/calebhiebert/gobbl-localization",
    "github.com/calebhiebert/gobbl/context",
    "github.com/calebhiebert/gobbl/luis",
    "github.com/calebhiebert/gobbl/messenger",
    "github.com/calebhiebert/gobbl/session",
    "github.com/gin-gonic/gin",
    "github.com/gobuffalo/packr/v2",
    "github.com/nicksnyder/go-i18n/v2/i18n",
    "golang.org/x/text/language",
    "upper.io/db.v3",
  ]
  solver-name = "gps-cdcl"
  solver-version = 1
